# THIS IS AN AUTOGENERATED FILE. DO NOT EDIT THIS FILE DIRECTLY.
# yarn lockfile v1


"@commitlint/config-angular@^4.2.0":
  version "4.2.0"
  resolved "https://registry.yarnpkg.com/@commitlint/config-angular/-/config-angular-4.2.0.tgz#1f6f5211b623870dc0fd3c8061c6d5827ba6897e"

conventional-changelog-lint-config-canonical@^1.0.0:
  version "1.0.0"
  resolved "https://registry.yarnpkg.com/conventional-changelog-lint-config-canonical/-/conventional-changelog-lint-config-canonical-1.0.0.tgz#866a230259c161cb770fb76cfd009d22cbae8d42"
